
Microsoft Visual Studio Solution File, Format Version 12.00
# Visual Studio Version 16
VisualStudioVersion = 16.0.29613.14
MinimumVisualStudioVersion = 10.0.40219.1
Project("{FAE04EC0-301F-11D3-BF4B-00C04F79EFBC}") = "SchemaIcon", "SchemaIcon\SchemaIcon.csproj", "{7894201C-339B-4A81-A9BD-14FEEADAF75F}"
EndProject
Global
	GlobalSection(SolutionConfigurationPlatforms) = preSolution
		Debug|Any CPU = Debug|Any CPU
		Release|Any CPU = Release|Any CPU
	EndGlobalSection
	GlobalSection(ProjectConfigurationPlatforms) = postSolution
		{7894201C-339B-4A81-A9BD-14FEEADAF75F}.Debug|Any CPU.ActiveCfg = Debug|Any CPU
		{7894201C-339B-4A81-A9BD-14FEEADAF75F}.Debug|Any CPU.Build.0 = Debug|Any CPU
		{7894201C-339B-4A81-A9BD-14FEEADAF75F}.Release|Any CPU.ActiveCfg = Release|Any CPU
		{7894201C-339B-4A81-A9BD-14FEEADAF75F}.Release|Any CPU.Build.0 = Release|Any CPU
	EndGlobalSection
	GlobalSection(SolutionProperties) = preSolution
		HideSolutionNode = FALSE
	EndGlobalSection
	GlobalSection(ExtensibilityGlobals) = postSolution
		SolutionGuid = {653FCC19-7ACD-4061-848B-CD9F36562CA9}
	EndGlobalSection
EndGlobal
